<Solution>
<Folder Name="/Docs/">
<File Path="Docs/Database.md" />
</Folder>
 <Folder Name="/Orchestration/">
 <Project Path="Orchestration/Nivaes.App.Rpc.Sample.AppHost/Nivaes.App.Rpc.Sample.AppHost/Nivaes.App.Rpc.Sample.AppHost.csproj" Id="509fe33e-64f5-4805-8232-905eee712eb1" />
 <Project Path="Orchestration/Nivaes.App.Rpc.Sample.AppHost/Nivaes.App.Rpc.Sample.ServiceDefaults/Nivaes.App.Rpc.Sample.ServiceDefaults.csproj" />
 </Folder>
<Folder Name="/Samples/">
<Project Path="Samples/Nivaes.App.Rpc.Sample.Client/Nivaes.App.Rpc.Sample.Client.csproj" Id="721a9301-8b8b-42a1-80f6-ede173769c36" />
<Project Path="Samples/Nivaes.App.Rpc.Sample.Console/Nivaes.App.Rpc.Sample.Console.csproj" Id="0d8305e5-82a3-4cb6-9235-b7034dc1c3ad" />
<Project Path="Samples/Nivaes.App.Rpc.Sample.Server/Nivaes.App.Rpc.Sample.Server.csproj" />
<Project Path="Samples/Nivaes.App.Rpc.Sample.Shared/Nivaes.App.Rpc.Sample.Shared.csproj" Id="e21944a7-f969-4b0d-885d-f29d563b1fcb" />
<Project Path="Samples/Nivaes.App.Rpc.Sample.Tests/Nivaes.App.Rpc.Sample.Tests.csproj" />
</Folder>

<Folder Name="/Solution Items/">
    <File Path=".dockerignore" />
    <File Path=".editorconfig" />
    <File Path=".gitattributes" />
    <File Path=".gitignore" />
    <File Path="Directory.Build.props" />
    <File Path="Directory.Build.targets" />
    <File Path="Directory.Packages.props" />
    <File Path="global.json" />
    <File Path="README.md" />
  </Folder>
  <Folder Name="/Solution Items/.github/" />
  <Folder Name="/Solution Items/.github/codeql/">
    <File Path=".github/codeql/codeql-config.yaml" />
  </Folder>
  <Folder Name="/Solution Items/.github/workflows/">
    <File Path=".github/workflows/build_release.yaml" />
    <File Path=".github/workflows/ci.yaml" />
    <File Path=".github/workflows/CodeQL.yaml" />
    <File Path=".github/workflows/delete-old-runs.yaml" />
    <File Path=".github/workflows/publish_release.yaml" />
  </Folder>
  <Folder Name="/Sources/">
  <Project Path="Sources/Nivaes.App.Rpc.AspNetCore/Nivaes.App.Rpc.AspNetCore.Server.csproj" Id="16ba9335-1d9a-4a90-9fc0-95a35d312ed5" />
  <Project Path="Sources/Nivaes.App.Rpc.Client.Database.Tools/Nivaes.App.Rpc.Client.Database.Tools.csproj" Id="fcacc0d9-1a8b-4ec7-966d-cc8ca4dae4ea" />
  <Project Path="Sources/Nivaes.App.Rpc.Client/Nivaes.App.Rpc.Client.csproj" Id="a2ff7403-a586-4b16-8c1b-d1c803c032bc" />
  <Project Path="Sources/Nivaes.App.Rpc.Shared/Nivaes.App.Rpc.Shared.csproj" Id="0bf402f2-8ff2-40ee-99d1-780a1a63c27f" />
  <Project Path="Sources/Nivaes.App.Rpc.SourceGenerator.UnitTests/Nivaes.App.Rpc.SourceGenerator.UnitTests.csproj" Id="8d818a3b-dbc5-42c5-ad07-96e0e8a2ccb6" />
  <Project Path="Sources/Nivaes.App.Rpc.SourceGenerator/Nivaes.App.Rpc.SourceGenerator.csproj" Id="65a21855-7ba1-40fa-8ee7-41707b85e3d3" />
  <Project Path="Sources/Nivaes.App.Rpc.Tests/Nivaes.App.Rpc.Tests.csproj" Id="165d261b-3132-4883-9f7f-12989b1d6069" />
  <Project Path="Sources/Nivaes.EntityFramework.Sqlite/Nivaes.EntityFrameworkCore.Sqlite.csproj" Id="d9a3acc4-68bf-4580-a843-79350f05b129" />
  </Folder>
  </Solution>